
Microsoft Visual Studio Solution File, Format Version 12.00
# Visual Studio Version 16
VisualStudioVersion = 16.0.32002.261
MinimumVisualStudioVersion = 10.0.40219.1
Project("{FAE04EC0-301F-11D3-BF4B-00C04F79EFBC}") = "3N", "3N\3N.csproj", "{0A37CD78-05A8-43D3-BA9D-D6D04B48FC08}"
EndProject
Global
	GlobalSection(SolutionConfigurationPlatforms) = preSolution
		Debug|Any CPU = Debug|Any CPU
		Release|Any CPU = Release|Any CPU
	EndGlobalSection
	GlobalSection(ProjectConfigurationPlatforms) = postSolution
		{0A37CD78-05A8-43D3-BA9D-D6D04B48FC08}.Debug|Any CPU.ActiveCfg = Debug|Any CPU
		{0A37CD78-05A8-43D3-BA9D-D6D04B48FC08}.Debug|Any CPU.Build.0 = Debug|Any CPU
		{0A37CD78-05A8-43D3-BA9D-D6D04B48FC08}.Release|Any CPU.ActiveCfg = Release|Any CPU
		{0A37CD78-05A8-43D3-BA9D-D6D04B48FC08}.Release|Any CPU.Build.0 = Release|Any CPU
	EndGlobalSection
	GlobalSection(SolutionProperties) = preSolution
		HideSolutionNode = FALSE
	EndGlobalSection
	GlobalSection(ExtensibilityGlobals) = postSolution
		SolutionGuid = {EAD18265-2A5B-46A8-A143-2C693EAF46D5}
	EndGlobalSection
EndGlobal
